PODS:
  - FlutterMacOS (1.0.0)
  - rust_lib_atmos_mixer_pro (0.0.1):
    - FlutterMacOS

DEPENDENCIES:
  - FlutterMacOS (from `Flutter/ephemeral`)
  - rust_lib_atmos_mixer_pro (from `Flutter/ephemeral/.symlinks/plugins/rust_lib_atmos_mixer_pro/macos`)

EXTERNAL SOURCES:
  FlutterMacOS:
    :path: Flutter/ephemeral
  rust_lib_atmos_mixer_pro:
    :path: Flutter/ephemeral/.symlinks/plugins/rust_lib_atmos_mixer_pro/macos

SPEC CHECKSUMS:
  FlutterMacOS: d0db08ddef1a9af05a5ec4b724367152bb0500b1
  rust_lib_atmos_mixer_pro: f57637b079a7622dc596538561ab9a35d3904974

PODFILE CHECKSUM: 54d867c82ac51cbd61b565781b9fada492027009

COCOAPODS: 1.16.2
