PODS:
  - FlutterMacOS (1.0.0)
  - rust_lib_atmos_mixer_pro (0.0.1):
    - FlutterMacOS

DEPENDENCIES:
  - FlutterMacOS (from `Flutter/ephemeral`)
  - rust_lib_atmos_mixer_pro (from `Flutter/ephemeral/.symlinks/plugins/rust_lib_atmos_mixer_pro/macos`)

EXTERNAL SOURCES:
  FlutterMacOS:
    :path: Flutter/ephemeral
  rust_lib_atmos_mixer_pro:
    :path: Flutter/ephemeral/.symlinks/plugins/rust_lib_atmos_mixer_pro/macos

SPEC CHECKSUMS:
  FlutterMacOS: d0db08ddef1a9af05a5ec4b724367152bb0500b1
  rust_lib_atmos_mixer_pro: 91db75981e31a15a2f316d9163c557b35f7171ec

PODFILE CHECKSUM: 1011bc37e5740e08add0581147b3aaeb40fada86

COCOAPODS: 1.16.2
